// !$*UTF8*$!
{
	archiveVersion = 1;
	classes = {
	};
	objectVersion = 51;
	objects = {

/* Begin PBXBuildFile section */
		0DEA85CAFF67AA4352875864 /* Pods_UCSC_Crown_Bathroom_UCSC_Crown_BathroomUITests.framework in Frameworks */ = {isa = PBXBuildFile; fileRef = 370C8B7258DAC754ACF561D2 /* Pods_UCSC_Crown_Bathroom_UCSC_Crown_BathroomUITests.framework */; };
		0E4A538526E5900B00E8306C /* FloorsView.swift in Sources */ = {isa = PBXBuildFile; fileRef = 0E4A538426E5900B00E8306C /* FloorsView.swift */; };
		0E4A538726E590B900E8306C /* FloorViewModel.swift in Sources */ = {isa = PBXBuildFile; fileRef = 0E4A538626E590B900E8306C /* FloorViewModel.swift */; };
		0E4A538C26E59E4700E8306C /* FloorView.swift in Sources */ = {isa = PBXBuildFile; fileRef = 0E4A538B26E59E4700E8306C /* FloorView.swift */; };
		0E4A538E26E5BF6F00E8306C /* ShowersView.swift in Sources */ = {isa = PBXBuildFile; fileRef = 0E4A538D26E5BF6F00E8306C /* ShowersView.swift */; };
		0E4A539226E5BFD000E8306C /* ShowersViewModel.swift in Sources */ = {isa = PBXBuildFile; fileRef = 0E4A539126E5BFD000E8306C /* ShowersViewModel.swift */; };
		0E4A539426E5D2B200E8306C /* ShowerView.swift in Sources */ = {isa = PBXBuildFile; fileRef = 0E4A539326E5D2B200E8306C /* ShowerView.swift */; };
		0E5AD15626E6978A00EC563A /* StartShowerView.swift in Sources */ = {isa = PBXBuildFile; fileRef = 0E5AD15526E6978A00EC563A /* StartShowerView.swift */; };
		0E5AD15826E6984700EC563A /* Floor.swift in Sources */ = {isa = PBXBuildFile; fileRef = 0E5AD15726E6984700EC563A /* Floor.swift */; };
		0E5AD15A26E6984D00EC563A /* Shower.swift in Sources */ = {isa = PBXBuildFile; fileRef = 0E5AD15926E6984D00EC563A /* Shower.swift */; };
		0E6AFE2C26E7BECE0027DB85 /* GoogleService-Info.plist in Resources */ = {isa = PBXBuildFile; fileRef = 0E6AFE2B26E7BECE0027DB85 /* GoogleService-Info.plist */; };
		0E6AFE2E26E7C4FD0027DB85 /* ShowerExistsView.swift in Sources */ = {isa = PBXBuildFile; fileRef = 0E6AFE2D26E7C4FD0027DB85 /* ShowerExistsView.swift */; };
		0E6AFE3026E7C6460027DB85 /* ShowerExistsViewModel.swift in Sources */ = {isa = PBXBuildFile; fileRef = 0E6AFE2F26E7C6460027DB85 /* ShowerExistsViewModel.swift */; };
		0E98203B26E2E807003B86C0 /* UCSC_Crown_BathroomApp.swift in Sources */ = {isa = PBXBuildFile; fileRef = 0E98203A26E2E807003B86C0 /* UCSC_Crown_BathroomApp.swift */; };
		0E98203D26E2E807003B86C0 /* ContentView.swift in Sources */ = {isa = PBXBuildFile; fileRef = 0E98203C26E2E807003B86C0 /* ContentView.swift */; };
		0E98203F26E2E808003B86C0 /* Assets.xcassets in Resources */ = {isa = PBXBuildFile; fileRef = 0E98203E26E2E808003B86C0 /* Assets.xcassets */; };
		0E98204226E2E808003B86C0 /* Preview Assets.xcassets in Resources */ = {isa = PBXBuildFile; fileRef = 0E98204126E2E808003B86C0 /* Preview Assets.xcassets */; };
		0E98204D26E2E809003B86C0 /* UCSC_Crown_BathroomTests.swift in Sources */ = {isa = PBXBuildFile; fileRef = 0E98204C26E2E809003B86C0 /* UCSC_Crown_BathroomTests.swift */; };
		0E98205826E2E809003B86C0 /* UCSC_Crown_BathroomUITests.swift in Sources */ = {isa = PBXBuildFile; fileRef = 0E98205726E2E809003B86C0 /* UCSC_Crown_BathroomUITests.swift */; };
		0E98206626E3441B003B86C0 /* HouseView.swift in Sources */ = {isa = PBXBuildFile; fileRef = 0E98206526E3441B003B86C0 /* HouseView.swift */; };
		0E98206826E34711003B86C0 /* House.swift in Sources */ = {isa = PBXBuildFile; fileRef = 0E98206726E34711003B86C0 /* House.swift */; };
		0E98206A26E34838003B86C0 /* extentions.swift in Sources */ = {isa = PBXBuildFile; fileRef = 0E98206926E34838003B86C0 /* extentions.swift */; };
		0E98206C26E34B74003B86C0 /* ContentViewModel.swift in Sources */ = {isa = PBXBuildFile; fileRef = 0E98206B26E34B74003B86C0 /* ContentViewModel.swift */; };
		0EBD845F26E6CCBC0053B6F8 /* StartShowerViewModel.swift in Sources */ = {isa = PBXBuildFile; fileRef = 0EBD845E26E6CCBC0053B6F8 /* StartShowerViewModel.swift */; };
		0EBD846126E6D4F90053B6F8 /* RotatingIcon.swift in Sources */ = {isa = PBXBuildFile; fileRef = 0EBD846026E6D4F90053B6F8 /* RotatingIcon.swift */; };
		0EBD846326E6D89E0053B6F8 /* ConfirmationPage.swift in Sources */ = {isa = PBXBuildFile; fileRef = 0EBD846226E6D89E0053B6F8 /* ConfirmationPage.swift */; };
		0EBD846526E6DDE00053B6F8 /* StackedDrops.swift in Sources */ = {isa = PBXBuildFile; fileRef = 0EBD846426E6DDE00053B6F8 /* StackedDrops.swift */; };
		0EBD846826E746390053B6F8 /* SignInView.swift in Sources */ = {isa = PBXBuildFile; fileRef = 0EBD846726E746390053B6F8 /* SignInView.swift */; };
		0EBD846A26E748E50053B6F8 /* User.swift in Sources */ = {isa = PBXBuildFile; fileRef = 0EBD846926E748E50053B6F8 /* User.swift */; };
		0EBD846C26E74BC10053B6F8 /* SignInViewModel.swift in Sources */ = {isa = PBXBuildFile; fileRef = 0EBD846B26E74BC10053B6F8 /* SignInViewModel.swift */; };
		4BAAF7B32732085621157621 /* Pods_UCSC_Crown_BathroomTests.framework in Frameworks */ = {isa = PBXBuildFile; fileRef = 2CA6281806FDB8CE1742F804 /* Pods_UCSC_Crown_BathroomTests.framework */; };
		7FBD44E03F239A0A011B4F1F /* Pods_UCSC_Crown_Bathroom.framework in Frameworks */ = {isa = PBXBuildFile; fileRef = DDC9BCA874EBF1491631A7E7 /* Pods_UCSC_Crown_Bathroom.framework */; };
/* End PBXBuildFile section */

/* Begin PBXContainerItemProxy section */
		0E98204926E2E809003B86C0 /* PBXContainerItemProxy */ = {
			isa = PBXContainerItemProxy;
			containerPortal = 0E98202F26E2E807003B86C0 /* Project object */;
			proxyType = 1;
			remoteGlobalIDString = 0E98203626E2E807003B86C0;
			remoteInfo = "UCSC Crown Bathroom";
		};
		0E98205426E2E809003B86C0 /* PBXContainerItemProxy */ = {
			isa = PBXContainerItemProxy;
			containerPortal = 0E98202F26E2E807003B86C0 /* Project object */;
			proxyType = 1;
			remoteGlobalIDString = 0E98203626E2E807003B86C0;
			remoteInfo = "UCSC Crown Bathroom";
		};
/* End PBXContainerItemProxy section */

/* Begin PBXFileReference section */
		018300C7398A61F42C17D543 /* Pods-UCSC Crown BathroomTests.debug.xcconfig */ = {isa = PBXFileReference; includeInIndex = 1; lastKnownFileType = text.xcconfig; name = "Pods-UCSC Crown BathroomTests.debug.xcconfig"; path = "Target Support Files/Pods-UCSC Crown BathroomTests/Pods-UCSC Crown BathroomTests.debug.xcconfig"; sourceTree = "<group>"; };
		0E4A538426E5900B00E8306C /* FloorsView.swift */ = {isa = PBXFileReference; lastKnownFileType = sourcecode.swift; path = FloorsView.swift; sourceTree = "<group>"; };
		0E4A538626E590B900E8306C /* FloorViewModel.swift */ = {isa = PBXFileReference; lastKnownFileType = sourcecode.swift; path = FloorViewModel.swift; sourceTree = "<group>"; };
		0E4A538B26E59E4700E8306C /* FloorView.swift */ = {isa = PBXFileReference; lastKnownFileType = sourcecode.swift; path = FloorView.swift; sourceTree = "<group>"; };
		0E4A538D26E5BF6F00E8306C /* ShowersView.swift */ = {isa = PBXFileReference; lastKnownFileType = sourcecode.swift; path = ShowersView.swift; sourceTree = "<group>"; };
		0E4A539126E5BFD000E8306C /* ShowersViewModel.swift */ = {isa = PBXFileReference; lastKnownFileType = sourcecode.swift; path = ShowersViewModel.swift; sourceTree = "<group>"; };
		0E4A539326E5D2B200E8306C /* ShowerView.swift */ = {isa = PBXFileReference; lastKnownFileType = sourcecode.swift; path = ShowerView.swift; sourceTree = "<group>"; };
		0E5AD15526E6978A00EC563A /* StartShowerView.swift */ = {isa = PBXFileReference; lastKnownFileType = sourcecode.swift; path = StartShowerView.swift; sourceTree = "<group>"; };
		0E5AD15726E6984700EC563A /* Floor.swift */ = {isa = PBXFileReference; lastKnownFileType = sourcecode.swift; path = Floor.swift; sourceTree = "<group>"; };
		0E5AD15926E6984D00EC563A /* Shower.swift */ = {isa = PBXFileReference; lastKnownFileType = sourcecode.swift; path = Shower.swift; sourceTree = "<group>"; };
		0E6AFE2B26E7BECE0027DB85 /* GoogleService-Info.plist */ = {isa = PBXFileReference; fileEncoding = 4; lastKnownFileType = text.plist.xml; path = "GoogleService-Info.plist"; sourceTree = "<group>"; };
		0E6AFE2D26E7C4FD0027DB85 /* ShowerExistsView.swift */ = {isa = PBXFileReference; lastKnownFileType = sourcecode.swift; path = ShowerExistsView.swift; sourceTree = "<group>"; };
		0E6AFE2F26E7C6460027DB85 /* ShowerExistsViewModel.swift */ = {isa = PBXFileReference; lastKnownFileType = sourcecode.swift; path = ShowerExistsViewModel.swift; sourceTree = "<group>"; };
		0E98203726E2E807003B86C0 /* UCSC Crown Bathroom.app */ = {isa = PBXFileReference; explicitFileType = wrapper.application; includeInIndex = 0; path = "UCSC Crown Bathroom.app"; sourceTree = BUILT_PRODUCTS_DIR; };
		0E98203A26E2E807003B86C0 /* UCSC_Crown_BathroomApp.swift */ = {isa = PBXFileReference; lastKnownFileType = sourcecode.swift; path = UCSC_Crown_BathroomApp.swift; sourceTree = "<group>"; };
		0E98203C26E2E807003B86C0 /* ContentView.swift */ = {isa = PBXFileReference; lastKnownFileType = sourcecode.swift; path = ContentView.swift; sourceTree = "<group>"; };
		0E98203E26E2E808003B86C0 /* Assets.xcassets */ = {isa = PBXFileReference; lastKnownFileType = folder.assetcatalog; path = Assets.xcassets; sourceTree = "<group>"; };
		0E98204126E2E808003B86C0 /* Preview Assets.xcassets */ = {isa = PBXFileReference; lastKnownFileType = folder.assetcatalog; path = "Preview Assets.xcassets"; sourceTree = "<group>"; };
		0E98204326E2E808003B86C0 /* Info.plist */ = {isa = PBXFileReference; lastKnownFileType = text.plist.xml; path = Info.plist; sourceTree = "<group>"; };
		0E98204826E2E809003B86C0 /* UCSC Crown BathroomTests.xctest */ = {isa = PBXFileReference; explicitFileType = wrapper.cfbundle; includeInIndex = 0; path = "UCSC Crown BathroomTests.xctest"; sourceTree = BUILT_PRODUCTS_DIR; };
		0E98204C26E2E809003B86C0 /* UCSC_Crown_BathroomTests.swift */ = {isa = PBXFileReference; lastKnownFileType = sourcecode.swift; path = UCSC_Crown_BathroomTests.swift; sourceTree = "<group>"; };
		0E98204E26E2E809003B86C0 /* Info.plist */ = {isa = PBXFileReference; lastKnownFileType = text.plist.xml; path = Info.plist; sourceTree = "<group>"; };
		0E98205326E2E809003B86C0 /* UCSC Crown BathroomUITests.xctest */ = {isa = PBXFileReference; explicitFileType = wrapper.cfbundle; includeInIndex = 0; path = "UCSC Crown BathroomUITests.xctest"; sourceTree = BUILT_PRODUCTS_DIR; };
		0E98205726E2E809003B86C0 /* UCSC_Crown_BathroomUITests.swift */ = {isa = PBXFileReference; lastKnownFileType = sourcecode.swift; path = UCSC_Crown_BathroomUITests.swift; sourceTree = "<group>"; };
		0E98205926E2E809003B86C0 /* Info.plist */ = {isa = PBXFileReference; lastKnownFileType = text.plist.xml; path = Info.plist; sourceTree = "<group>"; };
		0E98206526E3441B003B86C0 /* HouseView.swift */ = {isa = PBXFileReference; lastKnownFileType = sourcecode.swift; path = HouseView.swift; sourceTree = "<group>"; };
		0E98206726E34711003B86C0 /* House.swift */ = {isa = PBXFileReference; lastKnownFileType = sourcecode.swift; path = House.swift; sourceTree = "<group>"; };
		0E98206926E34838003B86C0 /* extentions.swift */ = {isa = PBXFileReference; lastKnownFileType = sourcecode.swift; path = extentions.swift; sourceTree = "<group>"; };
		0E98206B26E34B74003B86C0 /* ContentViewModel.swift */ = {isa = PBXFileReference; lastKnownFileType = sourcecode.swift; path = ContentViewModel.swift; sourceTree = "<group>"; };
		0EBD845E26E6CCBC0053B6F8 /* StartShowerViewModel.swift */ = {isa = PBXFileReference; lastKnownFileType = sourcecode.swift; path = StartShowerViewModel.swift; sourceTree = "<group>"; };
		0EBD846026E6D4F90053B6F8 /* RotatingIcon.swift */ = {isa = PBXFileReference; lastKnownFileType = sourcecode.swift; path = RotatingIcon.swift; sourceTree = "<group>"; };
		0EBD846226E6D89E0053B6F8 /* ConfirmationPage.swift */ = {isa = PBXFileReference; lastKnownFileType = sourcecode.swift; path = ConfirmationPage.swift; sourceTree = "<group>"; };
		0EBD846426E6DDE00053B6F8 /* StackedDrops.swift */ = {isa = PBXFileReference; lastKnownFileType = sourcecode.swift; path = StackedDrops.swift; sourceTree = "<group>"; };
		0EBD846626E6FA8A0053B6F8 /* UCSC Crown Bathroom.entitlements */ = {isa = PBXFileReference; lastKnownFileType = text.plist.entitlements; path = "UCSC Crown Bathroom.entitlements"; sourceTree = "<group>"; };
		0EBD846726E746390053B6F8 /* SignInView.swift */ = {isa = PBXFileReference; lastKnownFileType = sourcecode.swift; path = SignInView.swift; sourceTree = "<group>"; };
		0EBD846926E748E50053B6F8 /* User.swift */ = {isa = PBXFileReference; lastKnownFileType = sourcecode.swift; path = User.swift; sourceTree = "<group>"; };
		0EBD846B26E74BC10053B6F8 /* SignInViewModel.swift */ = {isa = PBXFileReference; lastKnownFileType = sourcecode.swift; path = SignInViewModel.swift; sourceTree = "<group>"; };
		2CA6281806FDB8CE1742F804 /* Pods_UCSC_Crown_BathroomTests.framework */ = {isa = PBXFileReference; explicitFileType = wrapper.framework; includeInIndex = 0; path = Pods_UCSC_Crown_BathroomTests.framework; sourceTree = BUILT_PRODUCTS_DIR; };
		370C8B7258DAC754ACF561D2 /* Pods_UCSC_Crown_Bathroom_UCSC_Crown_BathroomUITests.framework */ = {isa = PBXFileReference; explicitFileType = wrapper.framework; includeInIndex = 0; path = Pods_UCSC_Crown_Bathroom_UCSC_Crown_BathroomUITests.framework; sourceTree = BUILT_PRODUCTS_DIR; };
		84ADE05BF7EAB3DD57E61AEA /* Pods-UCSC Crown Bathroom.debug.xcconfig */ = {isa = PBXFileReference; includeInIndex = 1; lastKnownFileType = text.xcconfig; name = "Pods-UCSC Crown Bathroom.debug.xcconfig"; path = "Target Support Files/Pods-UCSC Crown Bathroom/Pods-UCSC Crown Bathroom.debug.xcconfig"; sourceTree = "<group>"; };
		84D9417264DE5F1F85A9C907 /* Pods-UCSC Crown Bathroom-UCSC Crown BathroomUITests.release.xcconfig */ = {isa = PBXFileReference; includeInIndex = 1; lastKnownFileType = text.xcconfig; name = "Pods-UCSC Crown Bathroom-UCSC Crown BathroomUITests.release.xcconfig"; path = "Target Support Files/Pods-UCSC Crown Bathroom-UCSC Crown BathroomUITests/Pods-UCSC Crown Bathroom-UCSC Crown BathroomUITests.release.xcconfig"; sourceTree = "<group>"; };
		962785F4CD30B81449C0F227 /* Pods-UCSC Crown Bathroom-UCSC Crown BathroomUITests.debug.xcconfig */ = {isa = PBXFileReference; includeInIndex = 1; lastKnownFileType = text.xcconfig; name = "Pods-UCSC Crown Bathroom-UCSC Crown BathroomUITests.debug.xcconfig"; path = "Target Support Files/Pods-UCSC Crown Bathroom-UCSC Crown BathroomUITests/Pods-UCSC Crown Bathroom-UCSC Crown BathroomUITests.debug.xcconfig"; sourceTree = "<group>"; };
		9B75FFFB1F5C002C2FEF4A6D /* Pods-UCSC Crown Bathroom.release.xcconfig */ = {isa = PBXFileReference; includeInIndex = 1; lastKnownFileType = text.xcconfig; name = "Pods-UCSC Crown Bathroom.release.xcconfig"; path = "Target Support Files/Pods-UCSC Crown Bathroom/Pods-UCSC Crown Bathroom.release.xcconfig"; sourceTree = "<group>"; };
		BD24D01A407D1939E31F3135 /* Pods-UCSC Crown BathroomTests.release.xcconfig */ = {isa = PBXFileReference; includeInIndex = 1; lastKnownFileType = text.xcconfig; name = "Pods-UCSC Crown BathroomTests.release.xcconfig"; path = "Target Support Files/Pods-UCSC Crown BathroomTests/Pods-UCSC Crown BathroomTests.release.xcconfig"; sourceTree = "<group>"; };
		DDC9BCA874EBF1491631A7E7 /* Pods_UCSC_Crown_Bathroom.framework */ = {isa = PBXFileReference; explicitFileType = wrapper.framework; includeInIndex = 0; path = Pods_UCSC_Crown_Bathroom.framework; sourceTree = BUILT_PRODUCTS_DIR; };
/* End PBXFileReference section */

/* Begin PBXFrameworksBuildPhase section */
		0E98203426E2E807003B86C0 /* Frameworks */ = {
			isa = PBXFrameworksBuildPhase;
			buildActionMask = 2147483647;
			files = (
				7FBD44E03F239A0A011B4F1F /* Pods_UCSC_Crown_Bathroom.framework in Frameworks */,
			);
			runOnlyForDeploymentPostprocessing = 0;
		};
		0E98204526E2E809003B86C0 /* Frameworks */ = {
			isa = PBXFrameworksBuildPhase;
			buildActionMask = 2147483647;
			files = (
				4BAAF7B32732085621157621 /* Pods_UCSC_Crown_BathroomTests.framework in Frameworks */,
			);
			runOnlyForDeploymentPostprocessing = 0;
		};
		0E98205026E2E809003B86C0 /* Frameworks */ = {
			isa = PBXFrameworksBuildPhase;
			buildActionMask = 2147483647;
			files = (
				0DEA85CAFF67AA4352875864 /* Pods_UCSC_Crown_Bathroom_UCSC_Crown_BathroomUITests.framework in Frameworks */,
			);
			runOnlyForDeploymentPostprocessing = 0;
		};
/* End PBXFrameworksBuildPhase section */

/* Begin PBXGroup section */
		0E4A538826E590D100E8306C /* ViewModel */ = {
			isa = PBXGroup;
			children = (
				0EBD846B26E74BC10053B6F8 /* SignInViewModel.swift */,
				0E98206B26E34B74003B86C0 /* ContentViewModel.swift */,
				0E4A538626E590B900E8306C /* FloorViewModel.swift */,
				0E4A539126E5BFD000E8306C /* ShowersViewModel.swift */,
				0EBD845E26E6CCBC0053B6F8 /* StartShowerViewModel.swift */,
				0E6AFE2F26E7C6460027DB85 /* ShowerExistsViewModel.swift */,
			);
			path = ViewModel;
			sourceTree = "<group>";
		};
		0E4A538926E590DE00E8306C /* View */ = {
			isa = PBXGroup;
			children = (
				0EBD845C26E6CADC0053B6F8 /* Main Views */,
				0EBD845D26E6CAE50053B6F8 /* Supporting Views */,
			);
			path = View;
			sourceTree = "<group>";
		};
		0E4A538A26E590E800E8306C /* Model */ = {
			isa = PBXGroup;
			children = (
				0E98206726E34711003B86C0 /* House.swift */,
				0E5AD15726E6984700EC563A /* Floor.swift */,
				0E5AD15926E6984D00EC563A /* Shower.swift */,
				0EBD846926E748E50053B6F8 /* User.swift */,
				0E98206926E34838003B86C0 /* extentions.swift */,
			);
			path = Model;
			sourceTree = "<group>";
		};
		0E98202E26E2E807003B86C0 = {
			isa = PBXGroup;
			children = (
				0E98203926E2E807003B86C0 /* UCSC Crown Bathroom */,
				0E98204B26E2E809003B86C0 /* UCSC Crown BathroomTests */,
				0E98205626E2E809003B86C0 /* UCSC Crown BathroomUITests */,
				0E98203826E2E807003B86C0 /* Products */,
				71EFB1F8C29534B3F537D8F3 /* Pods */,
				FF57C859F00F485E9F9ED908 /* Frameworks */,
			);
			sourceTree = "<group>";
		};
		0E98203826E2E807003B86C0 /* Products */ = {
			isa = PBXGroup;
			children = (
				0E98203726E2E807003B86C0 /* UCSC Crown Bathroom.app */,
				0E98204826E2E809003B86C0 /* UCSC Crown BathroomTests.xctest */,
				0E98205326E2E809003B86C0 /* UCSC Crown BathroomUITests.xctest */,
			);
			name = Products;
			sourceTree = "<group>";
		};
		0E98203926E2E807003B86C0 /* UCSC Crown Bathroom */ = {
			isa = PBXGroup;
			children = (
				0EBD846626E6FA8A0053B6F8 /* UCSC Crown Bathroom.entitlements */,
				0E98203A26E2E807003B86C0 /* UCSC_Crown_BathroomApp.swift */,
				0E4A538A26E590E800E8306C /* Model */,
				0E4A538926E590DE00E8306C /* View */,
				0E4A538826E590D100E8306C /* ViewModel */,
				0E98203E26E2E808003B86C0 /* Assets.xcassets */,
				0E98204326E2E808003B86C0 /* Info.plist */,
				0E6AFE2B26E7BECE0027DB85 /* GoogleService-Info.plist */,
				0E98204026E2E808003B86C0 /* Preview Content */,
			);
			path = "UCSC Crown Bathroom";
			sourceTree = "<group>";
		};
		0E98204026E2E808003B86C0 /* Preview Content */ = {
			isa = PBXGroup;
			children = (
				0E98204126E2E808003B86C0 /* Preview Assets.xcassets */,
			);
			path = "Preview Content";
			sourceTree = "<group>";
		};
		0E98204B26E2E809003B86C0 /* UCSC Crown BathroomTests */ = {
			isa = PBXGroup;
			children = (
				0E98204C26E2E809003B86C0 /* UCSC_Crown_BathroomTests.swift */,
				0E98204E26E2E809003B86C0 /* Info.plist */,
			);
			path = "UCSC Crown BathroomTests";
			sourceTree = "<group>";
		};
		0E98205626E2E809003B86C0 /* UCSC Crown BathroomUITests */ = {
			isa = PBXGroup;
			children = (
				0E98205726E2E809003B86C0 /* UCSC_Crown_BathroomUITests.swift */,
				0E98205926E2E809003B86C0 /* Info.plist */,
			);
			path = "UCSC Crown BathroomUITests";
			sourceTree = "<group>";
		};
		0EBD845C26E6CADC0053B6F8 /* Main Views */ = {
			isa = PBXGroup;
			children = (
				0EBD846726E746390053B6F8 /* SignInView.swift */,
				0E98203C26E2E807003B86C0 /* ContentView.swift */,
				0E4A538426E5900B00E8306C /* FloorsView.swift */,
				0E4A538D26E5BF6F00E8306C /* ShowersView.swift */,
				0E5AD15526E6978A00EC563A /* StartShowerView.swift */,
				0EBD846226E6D89E0053B6F8 /* ConfirmationPage.swift */,
				0E6AFE2D26E7C4FD0027DB85 /* ShowerExistsView.swift */,
			);
			path = "Main Views";
			sourceTree = "<group>";
		};
		0EBD845D26E6CAE50053B6F8 /* Supporting Views */ = {
			isa = PBXGroup;
			children = (
				0E98206526E3441B003B86C0 /* HouseView.swift */,
				0E4A538B26E59E4700E8306C /* FloorView.swift */,
				0E4A539326E5D2B200E8306C /* ShowerView.swift */,
				0EBD846026E6D4F90053B6F8 /* RotatingIcon.swift */,
				0EBD846426E6DDE00053B6F8 /* StackedDrops.swift */,
			);
			path = "Supporting Views";
			sourceTree = "<group>";
		};
		71EFB1F8C29534B3F537D8F3 /* Pods */ = {
			isa = PBXGroup;
			children = (
				84ADE05BF7EAB3DD57E61AEA /* Pods-UCSC Crown Bathroom.debug.xcconfig */,
				9B75FFFB1F5C002C2FEF4A6D /* Pods-UCSC Crown Bathroom.release.xcconfig */,
				962785F4CD30B81449C0F227 /* Pods-UCSC Crown Bathroom-UCSC Crown BathroomUITests.debug.xcconfig */,
				84D9417264DE5F1F85A9C907 /* Pods-UCSC Crown Bathroom-UCSC Crown BathroomUITests.release.xcconfig */,
				018300C7398A61F42C17D543 /* Pods-UCSC Crown BathroomTests.debug.xcconfig */,
				BD24D01A407D1939E31F3135 /* Pods-UCSC Crown BathroomTests.release.xcconfig */,
			);
			path = Pods;
			sourceTree = "<group>";
		};
		FF57C859F00F485E9F9ED908 /* Frameworks */ = {
			isa = PBXGroup;
			children = (
				DDC9BCA874EBF1491631A7E7 /* Pods_UCSC_Crown_Bathroom.framework */,
				370C8B7258DAC754ACF561D2 /* Pods_UCSC_Crown_Bathroom_UCSC_Crown_BathroomUITests.framework */,
				2CA6281806FDB8CE1742F804 /* Pods_UCSC_Crown_BathroomTests.framework */,
			);
			name = Frameworks;
			sourceTree = "<group>";
		};
/* End PBXGroup section */

/* Begin PBXNativeTarget section */
		0E98203626E2E807003B86C0 /* UCSC Crown Bathroom */ = {
			isa = PBXNativeTarget;
			buildConfigurationList = 0E98205C26E2E809003B86C0 /* Build configuration list for PBXNativeTarget "UCSC Crown Bathroom" */;
			buildPhases = (
				9787DB6F4EB6CA1EF3C95C25 /* [CP] Check Pods Manifest.lock */,
				0E98203326E2E807003B86C0 /* Sources */,
				0E98203426E2E807003B86C0 /* Frameworks */,
				0E98203526E2E807003B86C0 /* Resources */,
				9603D55D28E1253B8526553A /* [CP] Embed Pods Frameworks */,
			);
			buildRules = (
			);
			dependencies = (
			);
			name = "UCSC Crown Bathroom";
			productName = "UCSC Crown Bathroom";
			productReference = 0E98203726E2E807003B86C0 /* UCSC Crown Bathroom.app */;
			productType = "com.apple.product-type.application";
		};
		0E98204726E2E809003B86C0 /* UCSC Crown BathroomTests */ = {
			isa = PBXNativeTarget;
			buildConfigurationList = 0E98205F26E2E809003B86C0 /* Build configuration list for PBXNativeTarget "UCSC Crown BathroomTests" */;
			buildPhases = (
				E73AE6D0866E4241284672F9 /* [CP] Check Pods Manifest.lock */,
				0E98204426E2E809003B86C0 /* Sources */,
				0E98204526E2E809003B86C0 /* Frameworks */,
				0E98204626E2E809003B86C0 /* Resources */,
			);
			buildRules = (
			);
			dependencies = (
				0E98204A26E2E809003B86C0 /* PBXTargetDependency */,
			);
			name = "UCSC Crown BathroomTests";
			productName = "UCSC Crown BathroomTests";
			productReference = 0E98204826E2E809003B86C0 /* UCSC Crown BathroomTests.xctest */;
			productType = "com.apple.product-type.bundle.unit-test";
		};
		0E98205226E2E809003B86C0 /* UCSC Crown BathroomUITests */ = {
			isa = PBXNativeTarget;
			buildConfigurationList = 0E98206226E2E809003B86C0 /* Build configuration list for PBXNativeTarget "UCSC Crown BathroomUITests" */;
			buildPhases = (
				3259547DAF2DFECDF88A5F56 /* [CP] Check Pods Manifest.lock */,
				0E98204F26E2E809003B86C0 /* Sources */,
				0E98205026E2E809003B86C0 /* Frameworks */,
				0E98205126E2E809003B86C0 /* Resources */,
				D1CAFFDA39CFB85B05D99801 /* [CP] Embed Pods Frameworks */,
			);
			buildRules = (
			);
			dependencies = (
				0E98205526E2E809003B86C0 /* PBXTargetDependency */,
			);
			name = "UCSC Crown BathroomUITests";
			productName = "UCSC Crown BathroomUITests";
			productReference = 0E98205326E2E809003B86C0 /* UCSC Crown BathroomUITests.xctest */;
			productType = "com.apple.product-type.bundle.ui-testing";
		};
/* End PBXNativeTarget section */

/* Begin PBXProject section */
		0E98202F26E2E807003B86C0 /* Project object */ = {
			isa = PBXProject;
			attributes = {
				LastSwiftUpdateCheck = 1250;
				LastUpgradeCheck = 1250;
				TargetAttributes = {
					0E98203626E2E807003B86C0 = {
						CreatedOnToolsVersion = 12.5.1;
					};
					0E98204726E2E809003B86C0 = {
						CreatedOnToolsVersion = 12.5.1;
						TestTargetID = 0E98203626E2E807003B86C0;
					};
					0E98205226E2E809003B86C0 = {
						CreatedOnToolsVersion = 12.5.1;
						TestTargetID = 0E98203626E2E807003B86C0;
					};
				};
			};
			buildConfigurationList = 0E98203226E2E807003B86C0 /* Build configuration list for PBXProject "UCSC Crown Bathroom" */;
			compatibilityVersion = "Xcode 9.3";
			developmentRegion = en;
			hasScannedForEncodings = 0;
			knownRegions = (
				en,
				Base,
			);
			mainGroup = 0E98202E26E2E807003B86C0;
			productRefGroup = 0E98203826E2E807003B86C0 /* Products */;
			projectDirPath = "";
			projectRoot = "";
			targets = (
				0E98203626E2E807003B86C0 /* UCSC Crown Bathroom */,
				0E98204726E2E809003B86C0 /* UCSC Crown BathroomTests */,
				0E98205226E2E809003B86C0 /* UCSC Crown BathroomUITests */,
			);
		};
/* End PBXProject section */

/* Begin PBXResourcesBuildPhase section */
		0E98203526E2E807003B86C0 /* Resources */ = {
			isa = PBXResourcesBuildPhase;
			buildActionMask = 2147483647;
			files = (
				0E98204226E2E808003B86C0 /* Preview Assets.xcassets in Resources */,
				0E98203F26E2E808003B86C0 /* Assets.xcassets in Resources */,
				0E6AFE2C26E7BECE0027DB85 /* GoogleService-Info.plist in Resources */,
			);
			runOnlyForDeploymentPostprocessing = 0;
		};
		0E98204626E2E809003B86C0 /* Resources */ = {
			isa = PBXResourcesBuildPhase;
			buildActionMask = 2147483647;
			files = (
			);
			runOnlyForDeploymentPostprocessing = 0;
		};
		0E98205126E2E809003B86C0 /* Resources */ = {
			isa = PBXResourcesBuildPhase;
			buildActionMask = 2147483647;
			files = (
			);
			runOnlyForDeploymentPostprocessing = 0;
		};
/* End PBXResourcesBuildPhase section */

/* Begin PBXShellScriptBuildPhase section */
		3259547DAF2DFECDF88A5F56 /* [CP] Check Pods Manifest.lock */ = {
			isa = PBXShellScriptBuildPhase;
			buildActionMask = 2147483647;
			files = (
			);
			inputFileListPaths = (
			);
			inputPaths = (
				"${PODS_PODFILE_DIR_PATH}/Podfile.lock",
				"${PODS_ROOT}/Manifest.lock",
			);
			name = "[CP] Check Pods Manifest.lock";
			outputFileListPaths = (
			);
			outputPaths = (
				"$(DERIVED_FILE_DIR)/Pods-UCSC Crown Bathroom-UCSC Crown BathroomUITests-checkManifestLockResult.txt",
			);
			runOnlyForDeploymentPostprocessing = 0;
			shellPath = /bin/sh;
			shellScript = "diff \"${PODS_PODFILE_DIR_PATH}/Podfile.lock\" \"${PODS_ROOT}/Manifest.lock\" > /dev/null\nif [ $? != 0 ] ; then\n    # print error to STDERR\n    echo \"error: The sandbox is not in sync with the Podfile.lock. Run 'pod install' or update your CocoaPods installation.\" >&2\n    exit 1\nfi\n# This output is used by Xcode 'outputs' to avoid re-running this script phase.\necho \"SUCCESS\" > \"${SCRIPT_OUTPUT_FILE_0}\"\n";
			showEnvVarsInLog = 0;
		};
		9603D55D28E1253B8526553A /* [CP] Embed Pods Frameworks */ = {
			isa = PBXShellScriptBuildPhase;
			buildActionMask = 2147483647;
			files = (
			);
			inputFileListPaths = (
				"${PODS_ROOT}/Target Support Files/Pods-UCSC Crown Bathroom/Pods-UCSC Crown Bathroom-frameworks-${CONFIGURATION}-input-files.xcfilelist",
			);
			name = "[CP] Embed Pods Frameworks";
			outputFileListPaths = (
				"${PODS_ROOT}/Target Support Files/Pods-UCSC Crown Bathroom/Pods-UCSC Crown Bathroom-frameworks-${CONFIGURATION}-output-files.xcfilelist",
			);
			runOnlyForDeploymentPostprocessing = 0;
			shellPath = /bin/sh;
			shellScript = "\"${PODS_ROOT}/Target Support Files/Pods-UCSC Crown Bathroom/Pods-UCSC Crown Bathroom-frameworks.sh\"\n";
			showEnvVarsInLog = 0;
		};
		9787DB6F4EB6CA1EF3C95C25 /* [CP] Check Pods Manifest.lock */ = {
			isa = PBXShellScriptBuildPhase;
			buildActionMask = 2147483647;
			files = (
			);
			inputFileListPaths = (
			);
			inputPaths = (
				"${PODS_PODFILE_DIR_PATH}/Podfile.lock",
				"${PODS_ROOT}/Manifest.lock",
			);
			name = "[CP] Check Pods Manifest.lock";
			outputFileListPaths = (
			);
			outputPaths = (
				"$(DERIVED_FILE_DIR)/Pods-UCSC Crown Bathroom-checkManifestLockResult.txt",
			);
			runOnlyForDeploymentPostprocessing = 0;
			shellPath = /bin/sh;
			shellScript = "diff \"${PODS_PODFILE_DIR_PATH}/Podfile.lock\" \"${PODS_ROOT}/Manifest.lock\" > /dev/null\nif [ $? != 0 ] ; then\n    # print error to STDERR\n    echo \"error: The sandbox is not in sync with the Podfile.lock. Run 'pod install' or update your CocoaPods installation.\" >&2\n    exit 1\nfi\n# This output is used by Xcode 'outputs' to avoid re-running this script phase.\necho \"SUCCESS\" > \"${SCRIPT_OUTPUT_FILE_0}\"\n";
			showEnvVarsInLog = 0;
		};
		D1CAFFDA39CFB85B05D99801 /* [CP] Embed Pods Frameworks */ = {
			isa = PBXShellScriptBuildPhase;
			buildActionMask = 2147483647;
			files = (
			);
			inputFileListPaths = (
				"${PODS_ROOT}/Target Support Files/Pods-UCSC Crown Bathroom-UCSC Crown BathroomUITests/Pods-UCSC Crown Bathroom-UCSC Crown BathroomUITests-frameworks-${CONFIGURATION}-input-files.xcfilelist",
			);
			name = "[CP] Embed Pods Frameworks";
			outputFileListPaths = (
				"${PODS_ROOT}/Target Support Files/Pods-UCSC Crown Bathroom-UCSC Crown BathroomUITests/Pods-UCSC Crown Bathroom-UCSC Crown BathroomUITests-frameworks-${CONFIGURATION}-output-files.xcfilelist",
			);
			runOnlyForDeploymentPostprocessing = 0;
			shellPath = /bin/sh;
			shellScript = "\"${PODS_ROOT}/Target Support Files/Pods-UCSC Crown Bathroom-UCSC Crown BathroomUITests/Pods-UCSC Crown Bathroom-UCSC Crown BathroomUITests-frameworks.sh\"\n";
			showEnvVarsInLog = 0;
		};
		E73AE6D0866E4241284672F9 /* [CP] Check Pods Manifest.lock */ = {
			isa = PBXShellScriptBuildPhase;
			buildActionMask = 2147483647;
			files = (
			);
			inputFileListPaths = (
			);
			inputPaths = (
				"${PODS_PODFILE_DIR_PATH}/Podfile.lock",
				"${PODS_ROOT}/Manifest.lock",
			);
			name = "[CP] Check Pods Manifest.lock";
			outputFileListPaths = (
			);
			outputPaths = (
				"$(DERIVED_FILE_DIR)/Pods-UCSC Crown BathroomTests-checkManifestLockResult.txt",
			);
			runOnlyForDeploymentPostprocessing = 0;
			shellPath = /bin/sh;
			shellScript = "diff \"${PODS_PODFILE_DIR_PATH}/Podfile.lock\" \"${PODS_ROOT}/Manifest.lock\" > /dev/null\nif [ $? != 0 ] ; then\n    # print error to STDERR\n    echo \"error: The sandbox is not in sync with the Podfile.lock. Run 'pod install' or update your CocoaPods installation.\" >&2\n    exit 1\nfi\n# This output is used by Xcode 'outputs' to avoid re-running this script phase.\necho \"SUCCESS\" > \"${SCRIPT_OUTPUT_FILE_0}\"\n";
			showEnvVarsInLog = 0;
		};
/* End PBXShellScriptBuildPhase section */

/* Begin PBXSourcesBuildPhase section */
		0E98203326E2E807003B86C0 /* Sources */ = {
			isa = PBXSourcesBuildPhase;
			buildActionMask = 2147483647;
			files = (
				0E98206626E3441B003B86C0 /* HouseView.swift in Sources */,
				0E98203D26E2E807003B86C0 /* ContentView.swift in Sources */,
				0E4A539426E5D2B200E8306C /* ShowerView.swift in Sources */,
				0E98206C26E34B74003B86C0 /* ContentViewModel.swift in Sources */,
				0E6AFE2E26E7C4FD0027DB85 /* ShowerExistsView.swift in Sources */,
				0E98206A26E34838003B86C0 /* extentions.swift in Sources */,
				0E98206826E34711003B86C0 /* House.swift in Sources */,
				0E4A538C26E59E4700E8306C /* FloorView.swift in Sources */,
				0EBD845F26E6CCBC0053B6F8 /* StartShowerViewModel.swift in Sources */,
				0EBD846C26E74BC10053B6F8 /* SignInViewModel.swift in Sources */,
				0E6AFE3026E7C6460027DB85 /* ShowerExistsViewModel.swift in Sources */,
				0E4A538726E590B900E8306C /* FloorViewModel.swift in Sources */,
				0EBD846326E6D89E0053B6F8 /* ConfirmationPage.swift in Sources */,
				0EBD846126E6D4F90053B6F8 /* RotatingIcon.swift in Sources */,
				0E5AD15626E6978A00EC563A /* StartShowerView.swift in Sources */,
				0EBD846526E6DDE00053B6F8 /* StackedDrops.swift in Sources */,
				0E4A538526E5900B00E8306C /* FloorsView.swift in Sources */,
				0EBD846826E746390053B6F8 /* SignInView.swift in Sources */,
				0E5AD15826E6984700EC563A /* Floor.swift in Sources */,
				0E4A539226E5BFD000E8306C /* ShowersViewModel.swift in Sources */,
				0E4A538E26E5BF6F00E8306C /* ShowersView.swift in Sources */,
				0E98203B26E2E807003B86C0 /* UCSC_Crown_BathroomApp.swift in Sources */,
				0E5AD15A26E6984D00EC563A /* Shower.swift in Sources */,
				0EBD846A26E748E50053B6F8 /* User.swift in Sources */,
			);
			runOnlyForDeploymentPostprocessing = 0;
		};
		0E98204426E2E809003B86C0 /* Sources */ = {
			isa = PBXSourcesBuildPhase;
			buildActionMask = 2147483647;
			files = (
				0E98204D26E2E809003B86C0 /* UCSC_Crown_BathroomTests.swift in Sources */,
			);
			runOnlyForDeploymentPostprocessing = 0;
		};
		0E98204F26E2E809003B86C0 /* Sources */ = {
			isa = PBXSourcesBuildPhase;
			buildActionMask = 2147483647;
			files = (
				0E98205826E2E809003B86C0 /* UCSC_Crown_BathroomUITests.swift in Sources */,
			);
			runOnlyForDeploymentPostprocessing = 0;
		};
/* End PBXSourcesBuildPhase section */

/* Begin PBXTargetDependency section */
		0E98204A26E2E809003B86C0 /* PBXTargetDependency */ = {
			isa = PBXTargetDependency;
			target = 0E98203626E2E807003B86C0 /* UCSC Crown Bathroom */;
			targetProxy = 0E98204926E2E809003B86C0 /* PBXContainerItemProxy */;
		};
		0E98205526E2E809003B86C0 /* PBXTargetDependency */ = {
			isa = PBXTargetDependency;
			target = 0E98203626E2E807003B86C0 /* UCSC Crown Bathroom */;
			targetProxy = 0E98205426E2E809003B86C0 /* PBXContainerItemProxy */;
		};
/* End PBXTargetDependency section */

/* Begin XCBuildConfiguration section */
		0E98205A26E2E809003B86C0 /* Debug */ = {
			isa = XCBuildConfiguration;
			buildSettings = {
				ALWAYS_SEARCH_USER_PATHS = NO;
				CLANG_ANALYZER_NONNULL = YES;
				CLANG_ANALYZER_NUMBER_OBJECT_CONVERSION = YES_AGGRESSIVE;
				CLANG_CXX_LANGUAGE_STANDARD = "gnu++14";
				CLANG_CXX_LIBRARY = "libc++";
				CLANG_ENABLE_MODULES = YES;
				CLANG_ENABLE_OBJC_ARC = YES;
				CLANG_ENABLE_OBJC_WEAK = YES;
				CLANG_WARN_BLOCK_CAPTURE_AUTORELEASING = YES;
				CLANG_WARN_BOOL_CONVERSION = YES;
				CLANG_WARN_COMMA = YES;
				CLANG_WARN_CONSTANT_CONVERSION = YES;
				CLANG_WARN_DEPRECATED_OBJC_IMPLEMENTATIONS = YES;
				CLANG_WARN_DIRECT_OBJC_ISA_USAGE = YES_ERROR;
				CLANG_WARN_DOCUMENTATION_COMMENTS = YES;
				CLANG_WARN_EMPTY_BODY = YES;
				CLANG_WARN_ENUM_CONVERSION = YES;
				CLANG_WARN_INFINITE_RECURSION = YES;
				CLANG_WARN_INT_CONVERSION = YES;
				CLANG_WARN_NON_LITERAL_NULL_CONVERSION = YES;
				CLANG_WARN_OBJC_IMPLICIT_RETAIN_SELF = YES;
				CLANG_WARN_OBJC_LITERAL_CONVERSION = YES;
				CLANG_WARN_OBJC_ROOT_CLASS = YES_ERROR;
				CLANG_WARN_QUOTED_INCLUDE_IN_FRAMEWORK_HEADER = YES;
				CLANG_WARN_RANGE_LOOP_ANALYSIS = YES;
				CLANG_WARN_STRICT_PROTOTYPES = YES;
				CLANG_WARN_SUSPICIOUS_MOVE = YES;
				CLANG_WARN_UNGUARDED_AVAILABILITY = YES_AGGRESSIVE;
				CLANG_WARN_UNREACHABLE_CODE = YES;
				CLANG_WARN__DUPLICATE_METHOD_MATCH = YES;
				COPY_PHASE_STRIP = NO;
				DEBUG_INFORMATION_FORMAT = dwarf;
				ENABLE_STRICT_OBJC_MSGSEND = YES;
				ENABLE_TESTABILITY = YES;
				GCC_C_LANGUAGE_STANDARD = gnu11;
				GCC_DYNAMIC_NO_PIC = NO;
				GCC_NO_COMMON_BLOCKS = YES;
				GCC_OPTIMIZATION_LEVEL = 0;
				GCC_PREPROCESSOR_DEFINITIONS = (
					"DEBUG=1",
					"$(inherited)",
				);
				GCC_WARN_64_TO_32_BIT_CONVERSION = YES;
				GCC_WARN_ABOUT_RETURN_TYPE = YES_ERROR;
				GCC_WARN_UNDECLARED_SELECTOR = YES;
				GCC_WARN_UNINITIALIZED_AUTOS = YES_AGGRESSIVE;
				GCC_WARN_UNUSED_FUNCTION = YES;
				GCC_WARN_UNUSED_VARIABLE = YES;
				IPHONEOS_DEPLOYMENT_TARGET = 14.5;
				MTL_ENABLE_DEBUG_INFO = INCLUDE_SOURCE;
				MTL_FAST_MATH = YES;
				ONLY_ACTIVE_ARCH = YES;
				SDKROOT = iphoneos;
				SWIFT_ACTIVE_COMPILATION_CONDITIONS = DEBUG;
				SWIFT_OPTIMIZATION_LEVEL = "-Onone";
			};
			name = Debug;
		};
		0E98205B26E2E809003B86C0 /* Release */ = {
			isa = XCBuildConfiguration;
			buildSettings = {
				ALWAYS_SEARCH_USER_PATHS = NO;
				CLANG_ANALYZER_NONNULL = YES;
				CLANG_ANALYZER_NUMBER_OBJECT_CONVERSION = YES_AGGRESSIVE;
				CLANG_CXX_LANGUAGE_STANDARD = "gnu++14";
				CLANG_CXX_LIBRARY = "libc++";
				CLANG_ENABLE_MODULES = YES;
				CLANG_ENABLE_OBJC_ARC = YES;
				CLANG_ENABLE_OBJC_WEAK = YES;
				CLANG_WARN_BLOCK_CAPTURE_AUTORELEASING = YES;
				CLANG_WARN_BOOL_CONVERSION = YES;
				CLANG_WARN_COMMA = YES;
				CLANG_WARN_CONSTANT_CONVERSION = YES;
				CLANG_WARN_DEPRECATED_OBJC_IMPLEMENTATIONS = YES;
				CLANG_WARN_DIRECT_OBJC_ISA_USAGE = YES_ERROR;
				CLANG_WARN_DOCUMENTATION_COMMENTS = YES;
				CLANG_WARN_EMPTY_BODY = YES;
				CLANG_WARN_ENUM_CONVERSION = YES;
				CLANG_WARN_INFINITE_RECURSION = YES;
				CLANG_WARN_INT_CONVERSION = YES;
				CLANG_WARN_NON_LITERAL_NULL_CONVERSION = YES;
				CLANG_WARN_OBJC_IMPLICIT_RETAIN_SELF = YES;
				CLANG_WARN_OBJC_LITERAL_CONVERSION = YES;
				CLANG_WARN_OBJC_ROOT_CLASS = YES_ERROR;
				CLANG_WARN_QUOTED_INCLUDE_IN_FRAMEWORK_HEADER = YES;
				CLANG_WARN_RANGE_LOOP_ANALYSIS = YES;
				CLANG_WARN_STRICT_PROTOTYPES = YES;
				CLANG_WARN_SUSPICIOUS_MOVE = YES;
				CLANG_WARN_UNGUARDED_AVAILABILITY = YES_AGGRESSIVE;
				CLANG_WARN_UNREACHABLE_CODE = YES;
				CLANG_WARN__DUPLICATE_METHOD_MATCH = YES;
				COPY_PHASE_STRIP = NO;
				DEBUG_INFORMATION_FORMAT = "dwarf-with-dsym";
				ENABLE_NS_ASSERTIONS = NO;
				ENABLE_STRICT_OBJC_MSGSEND = YES;
				GCC_C_LANGUAGE_STANDARD = gnu11;
				GCC_NO_COMMON_BLOCKS = YES;
				GCC_WARN_64_TO_32_BIT_CONVERSION = YES;
				GCC_WARN_ABOUT_RETURN_TYPE = YES_ERROR;
				GCC_WARN_UNDECLARED_SELECTOR = YES;
				GCC_WARN_UNINITIALIZED_AUTOS = YES_AGGRESSIVE;
				GCC_WARN_UNUSED_FUNCTION = YES;
				GCC_WARN_UNUSED_VARIABLE = YES;
				IPHONEOS_DEPLOYMENT_TARGET = 14.5;
				MTL_ENABLE_DEBUG_INFO = NO;
				MTL_FAST_MATH = YES;
				SDKROOT = iphoneos;
				SWIFT_COMPILATION_MODE = wholemodule;
				SWIFT_OPTIMIZATION_LEVEL = "-O";
				VALIDATE_PRODUCT = YES;
			};
			name = Release;
		};
		0E98205D26E2E809003B86C0 /* Debug */ = {
			isa = XCBuildConfiguration;
			baseConfigurationReference = 84ADE05BF7EAB3DD57E61AEA /* Pods-UCSC Crown Bathroom.debug.xcconfig */;
			buildSettings = {
				ASSETCATALOG_COMPILER_APPICON_NAME = AppIcon;
				ASSETCATALOG_COMPILER_GLOBAL_ACCENT_COLOR_NAME = AccentColor;
				CODE_SIGN_ENTITLEMENTS = "UCSC Crown Bathroom/UCSC Crown Bathroom.entitlements";
				CODE_SIGN_STYLE = Automatic;
				CURRENT_PROJECT_VERSION = 7;
				DEVELOPMENT_ASSET_PATHS = "\"UCSC Crown Bathroom/Preview Content\"";
				DEVELOPMENT_TEAM = 232Q6PF625;
				ENABLE_PREVIEWS = YES;
				INFOPLIST_FILE = "UCSC Crown Bathroom/Info.plist";
				IPHONEOS_DEPLOYMENT_TARGET = 14.1;
				LD_RUNPATH_SEARCH_PATHS = (
					"$(inherited)",
					"@executable_path/Frameworks",
				);
				MARKETING_VERSION = 1.1;
				PRODUCT_BUNDLE_IDENTIFIER = "com.JonathanMorris.UCSC-Bathroom";
				PRODUCT_NAME = "$(TARGET_NAME)";
				SWIFT_VERSION = 5.0;
				TARGETED_DEVICE_FAMILY = "1,2";
			};
			name = Debug;
		};
		0E98205E26E2E809003B86C0 /* Release */ = {
			isa = XCBuildConfiguration;
			baseConfigurationReference = 9B75FFFB1F5C002C2FEF4A6D /* Pods-UCSC Crown Bathroom.release.xcconfig */;
			buildSettings = {
				ASSETCATALOG_COMPILER_APPICON_NAME = AppIcon;
				ASSETCATALOG_COMPILER_GLOBAL_ACCENT_COLOR_NAME = AccentColor;
				CODE_SIGN_ENTITLEMENTS = "UCSC Crown Bathroom/UCSC Crown Bathroom.entitlements";
				CODE_SIGN_STYLE = Automatic;
				CURRENT_PROJECT_VERSION = 7;
				DEVELOPMENT_ASSET_PATHS = "\"UCSC Crown Bathroom/Preview Content\"";
				DEVELOPMENT_TEAM = 232Q6PF625;
				ENABLE_PREVIEWS = YES;
				INFOPLIST_FILE = "UCSC Crown Bathroom/Info.plist";
				IPHONEOS_DEPLOYMENT_TARGET = 14.1;
				LD_RUNPATH_SEARCH_PATHS = (
					"$(inherited)",
					"@executable_path/Frameworks",
				);
				MARKETING_VERSION = 1.1;
				PRODUCT_BUNDLE_IDENTIFIER = "com.JonathanMorris.UCSC-Bathroom";
				PRODUCT_NAME = "$(TARGET_NAME)";
				SWIFT_VERSION = 5.0;
				TARGETED_DEVICE_FAMILY = "1,2";
			};
			name = Release;
		};
		0E98206026E2E809003B86C0 /* Debug */ = {
			isa = XCBuildConfiguration;
			baseConfigurationReference = 018300C7398A61F42C17D543 /* Pods-UCSC Crown BathroomTests.debug.xcconfig */;
			buildSettings = {
				ALWAYS_EMBED_SWIFT_STANDARD_LIBRARIES = YES;
				BUNDLE_LOADER = "$(TEST_HOST)";
				CODE_SIGN_STYLE = Automatic;
				DEVELOPMENT_TEAM = 232Q6PF625;
				INFOPLIST_FILE = "UCSC Crown BathroomTests/Info.plist";
				IPHONEOS_DEPLOYMENT_TARGET = 14.0;
				LD_RUNPATH_SEARCH_PATHS = (
					"$(inherited)",
					"@executable_path/Frameworks",
					"@loader_path/Frameworks",
				);
				PRODUCT_BUNDLE_IDENTIFIER = "com.JonathanMorris.UCSC-Crown-BathroomTests";
				PRODUCT_NAME = "$(TARGET_NAME)";
				SWIFT_VERSION = 5.0;
				TARGETED_DEVICE_FAMILY = "1,2";
				TEST_HOST = "$(BUILT_PRODUCTS_DIR)/UCSC Crown Bathroom.app/UCSC Crown Bathroom";
			};
			name = Debug;
		};
		0E98206126E2E809003B86C0 /* Release */ = {
			isa = XCBuildConfiguration;
			baseConfigurationReference = BD24D01A407D1939E31F3135 /* Pods-UCSC Crown BathroomTests.release.xcconfig */;
			buildSettings = {
				ALWAYS_EMBED_SWIFT_STANDARD_LIBRARIES = YES;
				BUNDLE_LOADER = "$(TEST_HOST)";
				CODE_SIGN_STYLE = Automatic;
				DEVELOPMENT_TEAM = 232Q6PF625;
				INFOPLIST_FILE = "UCSC Crown BathroomTests/Info.plist";
				IPHONEOS_DEPLOYMENT_TARGET = 14.0;
				LD_RUNPATH_SEARCH_PATHS = (
					"$(inherited)",
					"@executable_path/Frameworks",
					"@loader_path/Frameworks",
				);
				PRODUCT_BUNDLE_IDENTIFIER = "com.JonathanMorris.UCSC-Crown-BathroomTests";
				PRODUCT_NAME = "$(TARGET_NAME)";
				SWIFT_VERSION = 5.0;
				TARGETED_DEVICE_FAMILY = "1,2";
				TEST_HOST = "$(BUILT_PRODUCTS_DIR)/UCSC Crown Bathroom.app/UCSC Crown Bathroom";
			};
			name = Release;
		};
		0E98206326E2E809003B86C0 /* Debug */ = {
			isa = XCBuildConfiguration;
			baseConfigurationReference = 962785F4CD30B81449C0F227 /* Pods-UCSC Crown Bathroom-UCSC Crown BathroomUITests.debug.xcconfig */;
			buildSettings = {
				ALWAYS_EMBED_SWIFT_STANDARD_LIBRARIES = YES;
				CODE_SIGN_STYLE = Automatic;
				DEVELOPMENT_TEAM = 232Q6PF625;
				INFOPLIST_FILE = "UCSC Crown BathroomUITests/Info.plist";
				LD_RUNPATH_SEARCH_PATHS = (
					"$(inherited)",
					"@executable_path/Frameworks",
					"@loader_path/Frameworks",
				);
				PRODUCT_BUNDLE_IDENTIFIER = "com.JonathanMorris.UCSC-Crown-BathroomUITests";
				PRODUCT_NAME = "$(TARGET_NAME)";
				SWIFT_VERSION = 5.0;
				TARGETED_DEVICE_FAMILY = "1,2";
				TEST_TARGET_NAME = "UCSC Crown Bathroom";
			};
			name = Debug;
		};
		0E98206426E2E809003B86C0 /* Release */ = {
			isa = XCBuildConfiguration;
			baseConfigurationReference = 84D9417264DE5F1F85A9C907 /* Pods-UCSC Crown Bathroom-UCSC Crown BathroomUITests.release.xcconfig */;
			buildSettings = {
				ALWAYS_EMBED_SWIFT_STANDARD_LIBRARIES = YES;
				CODE_SIGN_STYLE = Automatic;
				DEVELOPMENT_TEAM = 232Q6PF625;
				INFOPLIST_FILE = "UCSC Crown BathroomUITests/Info.plist";
				LD_RUNPATH_SEARCH_PATHS = (
					"$(inherited)",
					"@executable_path/Frameworks",
					"@loader_path/Frameworks",
				);
				PRODUCT_BUNDLE_IDENTIFIER = "com.JonathanMorris.UCSC-Crown-BathroomUITests";
				PRODUCT_NAME = "$(TARGET_NAME)";
				SWIFT_VERSION = 5.0;
				TARGETED_DEVICE_FAMILY = "1,2";
				TEST_TARGET_NAME = "UCSC Crown Bathroom";
			};
			name = Release;
		};
/* End XCBuildConfiguration section */

/* Begin XCConfigurationList section */
		0E98203226E2E807003B86C0 /* Build configuration list for PBXProject "UCSC Crown Bathroom" */ = {
			isa = XCConfigurationList;
			buildConfigurations = (
				0E98205A26E2E809003B86C0 /* Debug */,
				0E98205B26E2E809003B86C0 /* Release */,
			);
			defaultConfigurationIsVisible = 0;
			defaultConfigurationName = Release;
		};
		0E98205C26E2E809003B86C0 /* Build configuration list for PBXNativeTarget "UCSC Crown Bathroom" */ = {
			isa = XCConfigurationList;
			buildConfigurations = (
				0E98205D26E2E809003B86C0 /* Debug */,
				0E98205E26E2E809003B86C0 /* Release */,
			);
			defaultConfigurationIsVisible = 0;
			defaultConfigurationName = Release;
		};
		0E98205F26E2E809003B86C0 /* Build configuration list for PBXNativeTarget "UCSC Crown BathroomTests" */ = {
			isa = XCConfigurationList;
			buildConfigurations = (
				0E98206026E2E809003B86C0 /* Debug */,
				0E98206126E2E809003B86C0 /* Release */,
			);
			defaultConfigurationIsVisible = 0;
			defaultConfigurationName = Release;
		};
		0E98206226E2E809003B86C0 /* Build configuration list for PBXNativeTarget "UCSC Crown BathroomUITests" */ = {
			isa = XCConfigurationList;
			buildConfigurations = (
				0E98206326E2E809003B86C0 /* Debug */,
				0E98206426E2E809003B86C0 /* Release */,
			);
			defaultConfigurationIsVisible = 0;
			defaultConfigurationName = Release;
		};
/* End XCConfigurationList section */
	};
	rootObject = 0E98202F26E2E807003B86C0 /* Project object */;
}
